
Microsoft Visual Studio Solution File, Format Version 12.00
# Visual Studio 2013
VisualStudioVersion = 12.0.30501.0
MinimumVisualStudioVersion = 10.0.40219.1
Project("{FAE04EC0-301F-11D3-BF4B-00C04F79EFBC}") = "FiniancialForcast", "FiniancialForcast\FiniancialForcast.csproj", "{75F864F8-D7B8-4A9F-947C-F2C2DA330E67}"
EndProject
Project("{FAE04EC0-301F-11D3-BF4B-00C04F79EFBC}") = "FinancialForcast.Tests", "FinancialForcast.Tests\FinancialForcast.Tests.csproj", "{69199333-FB84-4055-A02A-62638986C7AB}"
EndProject
Global
	GlobalSection(SolutionConfigurationPlatforms) = preSolution
		Debug|Any CPU = Debug|Any CPU
		Release|Any CPU = Release|Any CPU
	EndGlobalSection
	GlobalSection(ProjectConfigurationPlatforms) = postSolution
		{75F864F8-D7B8-4A9F-947C-F2C2DA330E67}.Debug|Any CPU.ActiveCfg = Debug|Any CPU
		{75F864F8-D7B8-4A9F-947C-F2C2DA330E67}.Debug|Any CPU.Build.0 = Debug|Any CPU
		{75F864F8-D7B8-4A9F-947C-F2C2DA330E67}.Release|Any CPU.ActiveCfg = Release|Any CPU
		{75F864F8-D7B8-4A9F-947C-F2C2DA330E67}.Release|Any CPU.Build.0 = Release|Any CPU
		{69199333-FB84-4055-A02A-62638986C7AB}.Debug|Any CPU.ActiveCfg = Debug|Any CPU
		{69199333-FB84-4055-A02A-62638986C7AB}.Debug|Any CPU.Build.0 = Debug|Any CPU
		{69199333-FB84-4055-A02A-62638986C7AB}.Release|Any CPU.ActiveCfg = Release|Any CPU
		{69199333-FB84-4055-A02A-62638986C7AB}.Release|Any CPU.Build.0 = Release|Any CPU
	EndGlobalSection
	GlobalSection(SolutionProperties) = preSolution
		HideSolutionNode = FALSE
	EndGlobalSection
EndGlobal
